
Microsoft Visual Studio Solution File, Format Version 12.00
# Visual Studio Version 17
VisualStudioVersion = 17.5.2.0
MinimumVisualStudioVersion = 10.0.40219.1
Project("{2150E333-8FDC-42A3-9474-1A3956D46DE8}") = "src", "src", "{827E0CD3-B72D-47B6-A68D-7590B98EB39B}"
EndProject
Project("{FAE04EC0-301F-11D3-BF4B-00C04F79EFBC}") = "AgentLauncher", "src\AgentLauncher\AgentLauncher.csproj", "{7728646C-C5EB-12AB-C0B0-65467E7D6DEE}"
EndProject
Project("{FAE04EC0-301F-11D3-BF4B-00C04F79EFBC}") = "AISwarm.Server", "src\AISwarm.Server\AISwarm.Server.csproj", "{B4C2D8E3-5F7A-4B2C-8D9E-1F2A3B4C5D6E}"
EndProject
Project("{FAE04EC0-301F-11D3-BF4B-00C04F79EFBC}") = "AISwarm.Shared", "src\AISwarm.Shared\AISwarm.Shared.csproj", "{C5D3E4F5-6A8B-5C3D-9E0F-2A3B4C5D6E7F}"
EndProject
Project("{2150E333-8FDC-42A3-9474-1A3956D46DE8}") = "tests", "tests", "{2E3F5C2C-8F3D-4E5E-9A0A-6D7F7D9F2A11}"
EndProject
Project("{FAE04EC0-301F-11D3-BF4B-00C04F79EFBC}") = "AgentLauncher.Tests", "tests\AgentLauncher.Tests\AgentLauncher.Tests.csproj", "{A3F0B2D7-4F5E-4D8E-9D6B-9E1B2A5C7F42}"
EndProject
Project("{FAE04EC0-301F-11D3-BF4B-00C04F79EFBC}") = "AISwarm.Server.Tests", "tests\AISwarm.Server.Tests\AISwarm.Server.Tests.csproj", "{363F2245-8657-A8C9-1528-F3F061ED0200}"
EndProject
Project("{FAE04EC0-301F-11D3-BF4B-00C04F79EFBC}") = "AISwarm.DataLayer", "src\AISwarm.DataLayer\AISwarm.DataLayer.csproj", "{F4368791-0DEC-445C-82E5-879699F17083}"
EndProject
Project("{FAE04EC0-301F-11D3-BF4B-00C04F79EFBC}") = "AISwarm.DataLayer.Tests", "tests\AISwarm.DataLayer.Tests\AISwarm.DataLayer.Tests.csproj", "{686AFE4B-3999-4BAB-B2A7-EE53BD7EB101}"
EndProject
Global
	GlobalSection(SolutionConfigurationPlatforms) = preSolution
		Debug|Any CPU = Debug|Any CPU
		Debug|x64 = Debug|x64
		Debug|x86 = Debug|x86
		Release|Any CPU = Release|Any CPU
		Release|x64 = Release|x64
		Release|x86 = Release|x86
	EndGlobalSection
	GlobalSection(ProjectConfigurationPlatforms) = postSolution
		{7728646C-C5EB-12AB-C0B0-65467E7D6DEE}.Debug|Any CPU.ActiveCfg = Debug|Any CPU
		{7728646C-C5EB-12AB-C0B0-65467E7D6DEE}.Debug|Any CPU.Build.0 = Debug|Any CPU
		{7728646C-C5EB-12AB-C0B0-65467E7D6DEE}.Debug|x64.ActiveCfg = Debug|Any CPU
		{7728646C-C5EB-12AB-C0B0-65467E7D6DEE}.Debug|x64.Build.0 = Debug|Any CPU
		{7728646C-C5EB-12AB-C0B0-65467E7D6DEE}.Debug|x86.ActiveCfg = Debug|Any CPU
		{7728646C-C5EB-12AB-C0B0-65467E7D6DEE}.Debug|x86.Build.0 = Debug|Any CPU
		{7728646C-C5EB-12AB-C0B0-65467E7D6DEE}.Release|Any CPU.ActiveCfg = Release|Any CPU
		{7728646C-C5EB-12AB-C0B0-65467E7D6DEE}.Release|Any CPU.Build.0 = Release|Any CPU
		{7728646C-C5EB-12AB-C0B0-65467E7D6DEE}.Release|x64.ActiveCfg = Release|Any CPU
		{7728646C-C5EB-12AB-C0B0-65467E7D6DEE}.Release|x64.Build.0 = Release|Any CPU
		{7728646C-C5EB-12AB-C0B0-65467E7D6DEE}.Release|x86.ActiveCfg = Release|Any CPU
		{7728646C-C5EB-12AB-C0B0-65467E7D6DEE}.Release|x86.Build.0 = Release|Any CPU
		{B4C2D8E3-5F7A-4B2C-8D9E-1F2A3B4C5D6E}.Debug|Any CPU.ActiveCfg = Debug|Any CPU
		{B4C2D8E3-5F7A-4B2C-8D9E-1F2A3B4C5D6E}.Debug|Any CPU.Build.0 = Debug|Any CPU
		{B4C2D8E3-5F7A-4B2C-8D9E-1F2A3B4C5D6E}.Debug|x64.ActiveCfg = Debug|Any CPU
		{B4C2D8E3-5F7A-4B2C-8D9E-1F2A3B4C5D6E}.Debug|x64.Build.0 = Debug|Any CPU
		{B4C2D8E3-5F7A-4B2C-8D9E-1F2A3B4C5D6E}.Debug|x86.ActiveCfg = Debug|Any CPU
		{B4C2D8E3-5F7A-4B2C-8D9E-1F2A3B4C5D6E}.Debug|x86.Build.0 = Debug|Any CPU
		{B4C2D8E3-5F7A-4B2C-8D9E-1F2A3B4C5D6E}.Release|Any CPU.ActiveCfg = Release|Any CPU
		{B4C2D8E3-5F7A-4B2C-8D9E-1F2A3B4C5D6E}.Release|Any CPU.Build.0 = Release|Any CPU
		{B4C2D8E3-5F7A-4B2C-8D9E-1F2A3B4C5D6E}.Release|x64.ActiveCfg = Release|Any CPU
		{B4C2D8E3-5F7A-4B2C-8D9E-1F2A3B4C5D6E}.Release|x64.Build.0 = Release|Any CPU
		{B4C2D8E3-5F7A-4B2C-8D9E-1F2A3B4C5D6E}.Release|x86.ActiveCfg = Release|Any CPU
		{B4C2D8E3-5F7A-4B2C-8D9E-1F2A3B4C5D6E}.Release|x86.Build.0 = Release|Any CPU
		{C5D3E4F5-6A8B-5C3D-9E0F-2A3B4C5D6E7F}.Debug|Any CPU.ActiveCfg = Debug|Any CPU
		{C5D3E4F5-6A8B-5C3D-9E0F-2A3B4C5D6E7F}.Debug|Any CPU.Build.0 = Debug|Any CPU
		{C5D3E4F5-6A8B-5C3D-9E0F-2A3B4C5D6E7F}.Debug|x64.ActiveCfg = Debug|Any CPU
		{C5D3E4F5-6A8B-5C3D-9E0F-2A3B4C5D6E7F}.Debug|x64.Build.0 = Debug|Any CPU
		{C5D3E4F5-6A8B-5C3D-9E0F-2A3B4C5D6E7F}.Debug|x86.ActiveCfg = Debug|Any CPU
		{C5D3E4F5-6A8B-5C3D-9E0F-2A3B4C5D6E7F}.Debug|x86.Build.0 = Debug|Any CPU
		{C5D3E4F5-6A8B-5C3D-9E0F-2A3B4C5D6E7F}.Release|Any CPU.ActiveCfg = Release|Any CPU
		{C5D3E4F5-6A8B-5C3D-9E0F-2A3B4C5D6E7F}.Release|Any CPU.Build.0 = Release|Any CPU
		{C5D3E4F5-6A8B-5C3D-9E0F-2A3B4C5D6E7F}.Release|x64.ActiveCfg = Release|Any CPU
		{C5D3E4F5-6A8B-5C3D-9E0F-2A3B4C5D6E7F}.Release|x64.Build.0 = Release|Any CPU
		{C5D3E4F5-6A8B-5C3D-9E0F-2A3B4C5D6E7F}.Release|x86.ActiveCfg = Release|Any CPU
		{C5D3E4F5-6A8B-5C3D-9E0F-2A3B4C5D6E7F}.Release|x86.Build.0 = Release|Any CPU
		{A3F0B2D7-4F5E-4D8E-9D6B-9E1B2A5C7F42}.Debug|Any CPU.ActiveCfg = Debug|Any CPU
		{A3F0B2D7-4F5E-4D8E-9D6B-9E1B2A5C7F42}.Debug|Any CPU.Build.0 = Debug|Any CPU
		{A3F0B2D7-4F5E-4D8E-9D6B-9E1B2A5C7F42}.Debug|x64.ActiveCfg = Debug|Any CPU
		{A3F0B2D7-4F5E-4D8E-9D6B-9E1B2A5C7F42}.Debug|x64.Build.0 = Debug|Any CPU
		{A3F0B2D7-4F5E-4D8E-9D6B-9E1B2A5C7F42}.Debug|x86.ActiveCfg = Debug|Any CPU
		{A3F0B2D7-4F5E-4D8E-9D6B-9E1B2A5C7F42}.Debug|x86.Build.0 = Debug|Any CPU
		{A3F0B2D7-4F5E-4D8E-9D6B-9E1B2A5C7F42}.Release|Any CPU.ActiveCfg = Release|Any CPU
		{A3F0B2D7-4F5E-4D8E-9D6B-9E1B2A5C7F42}.Release|Any CPU.Build.0 = Release|Any CPU
		{A3F0B2D7-4F5E-4D8E-9D6B-9E1B2A5C7F42}.Release|x64.ActiveCfg = Release|Any CPU
		{A3F0B2D7-4F5E-4D8E-9D6B-9E1B2A5C7F42}.Release|x64.Build.0 = Release|Any CPU
		{A3F0B2D7-4F5E-4D8E-9D6B-9E1B2A5C7F42}.Release|x86.ActiveCfg = Release|Any CPU
		{A3F0B2D7-4F5E-4D8E-9D6B-9E1B2A5C7F42}.Release|x86.Build.0 = Release|Any CPU
		{363F2245-8657-A8C9-1528-F3F061ED0200}.Debug|x64.ActiveCfg = Debug|Any CPU
		{363F2245-8657-A8C9-1528-F3F061ED0200}.Debug|x64.Build.0 = Debug|Any CPU
		{363F2245-8657-A8C9-1528-F3F061ED0200}.Debug|x86.ActiveCfg = Debug|Any CPU
		{363F2245-8657-A8C9-1528-F3F061ED0200}.Debug|x86.Build.0 = Debug|Any CPU
		{363F2245-8657-A8C9-1528-F3F061ED0200}.Release|x64.ActiveCfg = Release|Any CPU
		{363F2245-8657-A8C9-1528-F3F061ED0200}.Release|x64.Build.0 = Release|Any CPU
		{363F2245-8657-A8C9-1528-F3F061ED0200}.Release|x86.ActiveCfg = Release|Any CPU
		{363F2245-8657-A8C9-1528-F3F061ED0200}.Release|x86.Build.0 = Release|Any CPU
		{F4368791-0DEC-445C-82E5-879699F17083}.Debug|Any CPU.ActiveCfg = Debug|Any CPU
		{F4368791-0DEC-445C-82E5-879699F17083}.Debug|Any CPU.Build.0 = Debug|Any CPU
		{F4368791-0DEC-445C-82E5-879699F17083}.Debug|x64.ActiveCfg = Debug|Any CPU
		{F4368791-0DEC-445C-82E5-879699F17083}.Debug|x64.Build.0 = Debug|Any CPU
		{F4368791-0DEC-445C-82E5-879699F17083}.Debug|x86.ActiveCfg = Debug|Any CPU
		{F4368791-0DEC-445C-82E5-879699F17083}.Debug|x86.Build.0 = Debug|Any CPU
		{F4368791-0DEC-445C-82E5-879699F17083}.Release|Any CPU.ActiveCfg = Release|Any CPU
		{F4368791-0DEC-445C-82E5-879699F17083}.Release|Any CPU.Build.0 = Release|Any CPU
		{F4368791-0DEC-445C-82E5-879699F17083}.Release|x64.ActiveCfg = Release|Any CPU
		{F4368791-0DEC-445C-82E5-879699F17083}.Release|x64.Build.0 = Release|Any CPU
		{F4368791-0DEC-445C-82E5-879699F17083}.Release|x86.ActiveCfg = Release|Any CPU
		{F4368791-0DEC-445C-82E5-879699F17083}.Release|x86.Build.0 = Release|Any CPU
		{686AFE4B-3999-4BAB-B2A7-EE53BD7EB101}.Debug|Any CPU.ActiveCfg = Debug|Any CPU
		{686AFE4B-3999-4BAB-B2A7-EE53BD7EB101}.Debug|Any CPU.Build.0 = Debug|Any CPU
		{686AFE4B-3999-4BAB-B2A7-EE53BD7EB101}.Debug|x64.ActiveCfg = Debug|Any CPU
		{686AFE4B-3999-4BAB-B2A7-EE53BD7EB101}.Debug|x64.Build.0 = Debug|Any CPU
		{686AFE4B-3999-4BAB-B2A7-EE53BD7EB101}.Debug|x86.ActiveCfg = Debug|Any CPU
		{686AFE4B-3999-4BAB-B2A7-EE53BD7EB101}.Debug|x86.Build.0 = Debug|Any CPU
		{686AFE4B-3999-4BAB-B2A7-EE53BD7EB101}.Release|Any CPU.ActiveCfg = Release|Any CPU
		{686AFE4B-3999-4BAB-B2A7-EE53BD7EB101}.Release|Any CPU.Build.0 = Release|Any CPU
		{686AFE4B-3999-4BAB-B2A7-EE53BD7EB101}.Release|x64.ActiveCfg = Release|Any CPU
		{686AFE4B-3999-4BAB-B2A7-EE53BD7EB101}.Release|x64.Build.0 = Release|Any CPU
		{686AFE4B-3999-4BAB-B2A7-EE53BD7EB101}.Release|x86.ActiveCfg = Release|Any CPU
		{686AFE4B-3999-4BAB-B2A7-EE53BD7EB101}.Release|x86.Build.0 = Release|Any CPU
	EndGlobalSection
	GlobalSection(SolutionProperties) = preSolution
		HideSolutionNode = FALSE
	EndGlobalSection
	GlobalSection(NestedProjects) = preSolution
		{7728646C-C5EB-12AB-C0B0-65467E7D6DEE} = {827E0CD3-B72D-47B6-A68D-7590B98EB39B}
		{B4C2D8E3-5F7A-4B2C-8D9E-1F2A3B4C5D6E} = {827E0CD3-B72D-47B6-A68D-7590B98EB39B}
		{C5D3E4F5-6A8B-5C3D-9E0F-2A3B4C5D6E7F} = {827E0CD3-B72D-47B6-A68D-7590B98EB39B}
		{A3F0B2D7-4F5E-4D8E-9D6B-9E1B2A5C7F42} = {2E3F5C2C-8F3D-4E5E-9A0A-6D7F7D9F2A11}
		{F4368791-0DEC-445C-82E5-879699F17083} = {827E0CD3-B72D-47B6-A68D-7590B98EB39B}
		{686AFE4B-3999-4BAB-B2A7-EE53BD7EB101} = {2E3F5C2C-8F3D-4E5E-9A0A-6D7F7D9F2A11}
	EndGlobalSection
	GlobalSection(ExtensibilityGlobals) = postSolution
		SolutionGuid = {97D815D6-FDA9-4911-87DF-E2D88B85CF07}
	EndGlobalSection
EndGlobal
