
Microsoft Visual Studio Solution File, Format Version 12.00
# Visual Studio Version 17
VisualStudioVersion = 17.5.2.0
MinimumVisualStudioVersion = 10.0.40219.1
Project("{2150E333-8FDC-42A3-9474-1A3956D46DE8}") = "src", "src", "{827E0CD3-B72D-47B6-A68D-7590B98EB39B}"
EndProject
Project("{FAE04EC0-301F-11D3-BF4B-00C04F79EFBC}") = "AgentLauncher", "src\AgentLauncher\AgentLauncher.csproj", "{7728646C-C5EB-12AB-C0B0-65467E7D6DEE}"
EndProject
Project("{FAE04EC0-301F-11D3-BF4B-00C04F79EFBC}") = "AISwarm.Server", "src\AISwarm.Server\AISwarm.Server.csproj", "{B4C2D8E3-5F7A-4B2C-8D9E-1F2A3B4C5D6E}"
EndProject
Project("{2150E333-8FDC-42A3-9474-1A3956D46DE8}") = "tests", "tests", "{2E3F5C2C-8F3D-4E5E-9A0A-6D7F7D9F2A11}"
EndProject
Project("{FAE04EC0-301F-11D3-BF4B-00C04F79EFBC}") = "AISwarm.DataLayer", "src\AISwarm.DataLayer\AISwarm.DataLayer.csproj", "{F4368791-0DEC-445C-82E5-879699F17083}"
EndProject
Project("{FAE04EC0-301F-11D3-BF4B-00C04F79EFBC}") = "AISwarm.Infrastructure", "src\AISwarm.Infrastructure\AISwarm.Infrastructure.csproj", "{CCD8EF12-EB93-4AE4-96B6-FD2804B0D0D4}"
EndProject
Project("{FAE04EC0-301F-11D3-BF4B-00C04F79EFBC}") = "AISwarm.Tests", "tests\AISwarm.Tests\AISwarm.Tests.csproj", "{9A78E73A-F617-456A-8A66-C46F665D2E6A}"
EndProject
Global
	GlobalSection(SolutionConfigurationPlatforms) = preSolution
		Debug|Any CPU = Debug|Any CPU
		Debug|x64 = Debug|x64
		Debug|x86 = Debug|x86
		Release|Any CPU = Release|Any CPU
		Release|x64 = Release|x64
		Release|x86 = Release|x86
	EndGlobalSection
	GlobalSection(ProjectConfigurationPlatforms) = postSolution
		{7728646C-C5EB-12AB-C0B0-65467E7D6DEE}.Debug|Any CPU.ActiveCfg = Debug|Any CPU
		{7728646C-C5EB-12AB-C0B0-65467E7D6DEE}.Debug|Any CPU.Build.0 = Debug|Any CPU
		{7728646C-C5EB-12AB-C0B0-65467E7D6DEE}.Debug|x64.ActiveCfg = Debug|Any CPU
		{7728646C-C5EB-12AB-C0B0-65467E7D6DEE}.Debug|x64.Build.0 = Debug|Any CPU
		{7728646C-C5EB-12AB-C0B0-65467E7D6DEE}.Debug|x86.ActiveCfg = Debug|Any CPU
		{7728646C-C5EB-12AB-C0B0-65467E7D6DEE}.Debug|x86.Build.0 = Debug|Any CPU
		{7728646C-C5EB-12AB-C0B0-65467E7D6DEE}.Release|Any CPU.ActiveCfg = Release|Any CPU
		{7728646C-C5EB-12AB-C0B0-65467E7D6DEE}.Release|Any CPU.Build.0 = Release|Any CPU
		{7728646C-C5EB-12AB-C0B0-65467E7D6DEE}.Release|x64.ActiveCfg = Release|Any CPU
		{7728646C-C5EB-12AB-C0B0-65467E7D6DEE}.Release|x64.Build.0 = Release|Any CPU
		{7728646C-C5EB-12AB-C0B0-65467E7D6DEE}.Release|x86.ActiveCfg = Release|Any CPU
		{7728646C-C5EB-12AB-C0B0-65467E7D6DEE}.Release|x86.Build.0 = Release|Any CPU
		{B4C2D8E3-5F7A-4B2C-8D9E-1F2A3B4C5D6E}.Debug|Any CPU.ActiveCfg = Debug|Any CPU
		{B4C2D8E3-5F7A-4B2C-8D9E-1F2A3B4C5D6E}.Debug|Any CPU.Build.0 = Debug|Any CPU
		{B4C2D8E3-5F7A-4B2C-8D9E-1F2A3B4C5D6E}.Debug|x64.ActiveCfg = Debug|Any CPU
		{B4C2D8E3-5F7A-4B2C-8D9E-1F2A3B4C5D6E}.Debug|x64.Build.0 = Debug|Any CPU
		{B4C2D8E3-5F7A-4B2C-8D9E-1F2A3B4C5D6E}.Debug|x86.ActiveCfg = Debug|Any CPU
		{B4C2D8E3-5F7A-4B2C-8D9E-1F2A3B4C5D6E}.Debug|x86.Build.0 = Debug|Any CPU
		{B4C2D8E3-5F7A-4B2C-8D9E-1F2A3B4C5D6E}.Release|Any CPU.ActiveCfg = Release|Any CPU
		{B4C2D8E3-5F7A-4B2C-8D9E-1F2A3B4C5D6E}.Release|Any CPU.Build.0 = Release|Any CPU
		{B4C2D8E3-5F7A-4B2C-8D9E-1F2A3B4C5D6E}.Release|x64.ActiveCfg = Release|Any CPU
		{B4C2D8E3-5F7A-4B2C-8D9E-1F2A3B4C5D6E}.Release|x64.Build.0 = Release|Any CPU
		{B4C2D8E3-5F7A-4B2C-8D9E-1F2A3B4C5D6E}.Release|x86.ActiveCfg = Release|Any CPU
		{B4C2D8E3-5F7A-4B2C-8D9E-1F2A3B4C5D6E}.Release|x86.Build.0 = Release|Any CPU
		{F4368791-0DEC-445C-82E5-879699F17083}.Debug|Any CPU.ActiveCfg = Debug|Any CPU
		{F4368791-0DEC-445C-82E5-879699F17083}.Debug|Any CPU.Build.0 = Debug|Any CPU
		{F4368791-0DEC-445C-82E5-879699F17083}.Debug|x64.ActiveCfg = Debug|Any CPU
		{F4368791-0DEC-445C-82E5-879699F17083}.Debug|x64.Build.0 = Debug|Any CPU
		{F4368791-0DEC-445C-82E5-879699F17083}.Debug|x86.ActiveCfg = Debug|Any CPU
		{F4368791-0DEC-445C-82E5-879699F17083}.Debug|x86.Build.0 = Debug|Any CPU
		{F4368791-0DEC-445C-82E5-879699F17083}.Release|Any CPU.ActiveCfg = Release|Any CPU
		{F4368791-0DEC-445C-82E5-879699F17083}.Release|Any CPU.Build.0 = Release|Any CPU
		{F4368791-0DEC-445C-82E5-879699F17083}.Release|x64.ActiveCfg = Release|Any CPU
		{F4368791-0DEC-445C-82E5-879699F17083}.Release|x64.Build.0 = Release|Any CPU
		{F4368791-0DEC-445C-82E5-879699F17083}.Release|x86.ActiveCfg = Release|Any CPU
		{F4368791-0DEC-445C-82E5-879699F17083}.Release|x86.Build.0 = Release|Any CPU
		{CCD8EF12-EB93-4AE4-96B6-FD2804B0D0D4}.Debug|Any CPU.ActiveCfg = Debug|Any CPU
		{CCD8EF12-EB93-4AE4-96B6-FD2804B0D0D4}.Debug|Any CPU.Build.0 = Debug|Any CPU
		{CCD8EF12-EB93-4AE4-96B6-FD2804B0D0D4}.Debug|x64.ActiveCfg = Debug|Any CPU
		{CCD8EF12-EB93-4AE4-96B6-FD2804B0D0D4}.Debug|x64.Build.0 = Debug|Any CPU
		{CCD8EF12-EB93-4AE4-96B6-FD2804B0D0D4}.Debug|x86.ActiveCfg = Debug|Any CPU
		{CCD8EF12-EB93-4AE4-96B6-FD2804B0D0D4}.Debug|x86.Build.0 = Debug|Any CPU
		{CCD8EF12-EB93-4AE4-96B6-FD2804B0D0D4}.Release|Any CPU.ActiveCfg = Release|Any CPU
		{CCD8EF12-EB93-4AE4-96B6-FD2804B0D0D4}.Release|Any CPU.Build.0 = Release|Any CPU
		{CCD8EF12-EB93-4AE4-96B6-FD2804B0D0D4}.Release|x64.ActiveCfg = Release|Any CPU
		{CCD8EF12-EB93-4AE4-96B6-FD2804B0D0D4}.Release|x64.Build.0 = Release|Any CPU
		{CCD8EF12-EB93-4AE4-96B6-FD2804B0D0D4}.Release|x86.ActiveCfg = Release|Any CPU
		{CCD8EF12-EB93-4AE4-96B6-FD2804B0D0D4}.Release|x86.Build.0 = Release|Any CPU
		{9A78E73A-F617-456A-8A66-C46F665D2E6A}.Debug|Any CPU.ActiveCfg = Debug|Any CPU
		{9A78E73A-F617-456A-8A66-C46F665D2E6A}.Debug|Any CPU.Build.0 = Debug|Any CPU
		{9A78E73A-F617-456A-8A66-C46F665D2E6A}.Debug|x64.ActiveCfg = Debug|Any CPU
		{9A78E73A-F617-456A-8A66-C46F665D2E6A}.Debug|x64.Build.0 = Debug|Any CPU
		{9A78E73A-F617-456A-8A66-C46F665D2E6A}.Debug|x86.ActiveCfg = Debug|Any CPU
		{9A78E73A-F617-456A-8A66-C46F665D2E6A}.Debug|x86.Build.0 = Debug|Any CPU
		{9A78E73A-F617-456A-8A66-C46F665D2E6A}.Release|Any CPU.ActiveCfg = Release|Any CPU
		{9A78E73A-F617-456A-8A66-C46F665D2E6A}.Release|Any CPU.Build.0 = Release|Any CPU
		{9A78E73A-F617-456A-8A66-C46F665D2E6A}.Release|x64.ActiveCfg = Release|Any CPU
		{9A78E73A-F617-456A-8A66-C46F665D2E6A}.Release|x64.Build.0 = Release|Any CPU
		{9A78E73A-F617-456A-8A66-C46F665D2E6A}.Release|x86.ActiveCfg = Release|Any CPU
		{9A78E73A-F617-456A-8A66-C46F665D2E6A}.Release|x86.Build.0 = Release|Any CPU
	EndGlobalSection
	GlobalSection(SolutionProperties) = preSolution
		HideSolutionNode = FALSE
	EndGlobalSection
	GlobalSection(NestedProjects) = preSolution
		{7728646C-C5EB-12AB-C0B0-65467E7D6DEE} = {827E0CD3-B72D-47B6-A68D-7590B98EB39B}
		{B4C2D8E3-5F7A-4B2C-8D9E-1F2A3B4C5D6E} = {827E0CD3-B72D-47B6-A68D-7590B98EB39B}
		{F4368791-0DEC-445C-82E5-879699F17083} = {827E0CD3-B72D-47B6-A68D-7590B98EB39B}
		{CCD8EF12-EB93-4AE4-96B6-FD2804B0D0D4} = {827E0CD3-B72D-47B6-A68D-7590B98EB39B}
		{9A78E73A-F617-456A-8A66-C46F665D2E6A} = {2E3F5C2C-8F3D-4E5E-9A0A-6D7F7D9F2A11}
	EndGlobalSection
	GlobalSection(ExtensibilityGlobals) = postSolution
		SolutionGuid = {97D815D6-FDA9-4911-87DF-E2D88B85CF07}
	EndGlobalSection
EndGlobal
